<?xml version="1.0" encoding="utf-8"?>
<Project ToolsVersion="4.0" xmlns="http://schemas.microsoft.com/developer/msbuild/2003">
  <ItemGroup>
    <Filter Include="소스 파일">
      <UniqueIdentifier>{4FC737F1-C7A5-4376-A066-2A32D752A2FF}</UniqueIdentifier>
      <Extensions>cpp;c;cc;cxx;c++;cppm;ixx;def;odl;idl;hpj;bat;asm;asmx</Extensions>
    </Filter>
    <Filter Include="헤더 파일">
      <UniqueIdentifier>{93995380-89BD-4b04-88EB-625FBE52EBFB}</UniqueIdentifier>
      <Extensions>h;hh;hpp;hxx;h++;hm;inl;inc;ipp;xsd</Extensions>
    </Filter>
    <Filter Include="리소스 파일">
      <UniqueIdentifier>{67DA6AB6-F800-4c08-8B7A-83BB121AAD01}</UniqueIdentifier>
      <Extensions>rc;ico;cur;bmp;dlg;rc2;rct;bin;rgs;gif;jpg;jpeg;jpe;resx;tiff;tif;png;wav;mfcribbon-ms</Extensions>
    </Filter>
  </ItemGroup>
  <ItemGroup>
    <ClCompile Include="Framework\InputMgr.cpp">
      <Filter>소스 파일</Filter>
    </ClCompile>
    <ClCompile Include="Framework\GameObject.cpp">
      <Filter>소스 파일</Filter>
    </ClCompile>
    <ClCompile Include="stdafx.cpp">
      <Filter>소스 파일</Filter>
    </ClCompile>
    <ClCompile Include="Framework\SpriteGo.cpp">
      <Filter>소스 파일</Filter>
    </ClCompile>
    <ClCompile Include="Framework\TextGo.cpp">
      <Filter>소스 파일</Filter>
    </ClCompile>
    <ClCompile Include="Framework\Utils.cpp">
      <Filter>소스 파일</Filter>
    </ClCompile>
    <ClCompile Include="Framework\Scene.cpp">
      <Filter>소스 파일</Filter>
    </ClCompile>
    <ClCompile Include="Framework\SceneMgr.cpp">
      <Filter>소스 파일</Filter>
    </ClCompile>
    <ClCompile Include="Framework\Framework.cpp">
      <Filter>소스 파일</Filter>
    </ClCompile>
    <ClCompile Include="Framework\Variables.cpp">
      <Filter>소스 파일</Filter>
    </ClCompile>
    <ClCompile Include="main.cpp">
      <Filter>소스 파일</Filter>
    </ClCompile>
    <ClCompile Include="Framework\HitBox.cpp">
      <Filter>소스 파일</Filter>
    </ClCompile>
    <ClCompile Include="Framework\SoundMgr.cpp">
      <Filter>소스 파일</Filter>
    </ClCompile>
    <ClCompile Include="Framework\AnimationClip.cpp">
      <Filter>소스 파일</Filter>
    </ClCompile>
    <ClCompile Include="Framework\Animator.cpp">
      <Filter>소스 파일</Filter>
    </ClCompile>
    <ClCompile Include="Scenes\Title.cpp">
      <Filter>소스 파일</Filter>
    </ClCompile>
    <ClCompile Include="Scenes\Mode.cpp">
      <Filter>소스 파일</Filter>
    </ClCompile>
    <ClCompile Include="Scenes\Room.cpp">
      <Filter>소스 파일</Filter>
    </ClCompile>
    <ClCompile Include="Scenes\Setting.cpp">
      <Filter>소스 파일</Filter>
    </ClCompile>
    <ClCompile Include="Scenes\Stage1.cpp">
      <Filter>소스 파일</Filter>
    </ClCompile>
    <ClCompile Include="Framework\AniPlayer.cpp">
      <Filter>소스 파일</Filter>
    </ClCompile>
    <ClCompile Include="Scenes\Computer.cpp">
      <Filter>소스 파일</Filter>
    </ClCompile>
    <ClCompile Include="Scenes\LivingRoom.cpp">
      <Filter>소스 파일</Filter>
    </ClCompile>
    <ClCompile Include="Framework\MusicMgr.cpp">
      <Filter>소스 파일</Filter>
    </ClCompile>
    <ClCompile Include="Scenes\cellar.cpp">
      <Filter>소스 파일</Filter>
    </ClCompile>
    <ClCompile Include="cellar2.cpp">
      <Filter>소스 파일</Filter>
    </ClCompile>
    <ClCompile Include="GameState.cpp">
      <Filter>소스 파일</Filter>
    </ClCompile>
    <ClCompile Include="building.cpp">
      <Filter>소스 파일</Filter>
    </ClCompile>
  </ItemGroup>
  <ItemGroup>
    <ClInclude Include="Framework\InputMgr.h">
      <Filter>헤더 파일</Filter>
    </ClInclude>
    <ClInclude Include="Framework\Singleton.h">
      <Filter>헤더 파일</Filter>
    </ClInclude>
    <ClInclude Include="Framework\ResourceMgr.h">
      <Filter>헤더 파일</Filter>
    </ClInclude>
    <ClInclude Include="Framework\GameObject.h">
      <Filter>헤더 파일</Filter>
    </ClInclude>
    <ClInclude Include="Framework\SpriteGo.h">
      <Filter>헤더 파일</Filter>
    </ClInclude>
    <ClInclude Include="Framework\TextGo.h">
      <Filter>헤더 파일</Filter>
    </ClInclude>
    <ClInclude Include="Framework\Defines.h">
      <Filter>헤더 파일</Filter>
    </ClInclude>
    <ClInclude Include="Framework\Utils.h">
      <Filter>헤더 파일</Filter>
    </ClInclude>
    <ClInclude Include="Framework\Scene.h">
      <Filter>헤더 파일</Filter>
    </ClInclude>
    <ClInclude Include="Framework\SceneMgr.h">
      <Filter>헤더 파일</Filter>
    </ClInclude>
    <ClInclude Include="Framework\Framework.h">
      <Filter>헤더 파일</Filter>
    </ClInclude>
    <ClInclude Include="Framework\Variables.h">
      <Filter>헤더 파일</Filter>
    </ClInclude>
    <ClInclude Include="Framework\HitBox.h">
      <Filter>헤더 파일</Filter>
    </ClInclude>
    <ClInclude Include="Framework\SoundMgr.h">
      <Filter>헤더 파일</Filter>
    </ClInclude>
    <ClInclude Include="Framework\rapidcsv.h">
      <Filter>헤더 파일</Filter>
    </ClInclude>
    <ClInclude Include="Framework\AnimationClip.h">
      <Filter>헤더 파일</Filter>
    </ClInclude>
    <ClInclude Include="Framework\Animator.h">
      <Filter>헤더 파일</Filter>
    </ClInclude>
    <ClInclude Include="Scenes\TitleScene.h">
      <Filter>헤더 파일</Filter>
    </ClInclude>
    <ClInclude Include="Scenes\Title.h">
      <Filter>헤더 파일</Filter>
    </ClInclude>
    <ClInclude Include="Scenes\Mode.h">
      <Filter>헤더 파일</Filter>
    </ClInclude>
    <ClInclude Include="Scenes\Room.h">
      <Filter>헤더 파일</Filter>
    </ClInclude>
    <ClInclude Include="Scenes\Setting.h">
      <Filter>헤더 파일</Filter>
    </ClInclude>
    <ClInclude Include="Scenes\Stage1.h">
      <Filter>헤더 파일</Filter>
    </ClInclude>
    <ClInclude Include="Framework\AniPlayer.h">
      <Filter>헤더 파일</Filter>
    </ClInclude>
    <ClInclude Include="Scenes\Computer.h">
      <Filter>헤더 파일</Filter>
    </ClInclude>
    <ClInclude Include="Scenes\LivingRoom.h">
      <Filter>헤더 파일</Filter>
    </ClInclude>
    <ClInclude Include="Framework\MusicMgr.h">
      <Filter>헤더 파일</Filter>
    </ClInclude>
    <ClInclude Include="Scenes\cellar.h">
      <Filter>헤더 파일</Filter>
    </ClInclude>
    <ClInclude Include="cellar2.h">
      <Filter>헤더 파일</Filter>
    </ClInclude>
    <ClInclude Include="GameState.h">
      <Filter>헤더 파일</Filter>
    </ClInclude>
    <ClInclude Include="building.h">
      <Filter>헤더 파일</Filter>
    </ClInclude>
  </ItemGroup>
  <ItemGroup>
    <CopyFileToFolders Include="stdafx.h">
      <Filter>헤더 파일</Filter>
    </CopyFileToFolders>
  </ItemGroup>
</Project>